
Microsoft Visual Studio Solution File, Format Version 12.00
# Visual Studio Version 17
VisualStudioVersion = 17.14.37216.2 d17.14
MinimumVisualStudioVersion = 10.0.40219.1
Project("{FAE04EC0-301F-11D3-BF4B-00C04F79EFBC}") = "FondoXYZ", "FondoXYZ.csproj", "{B4C2F279-D1B4-456D-8B8D-213F722F4791}"
EndProject
Global
	GlobalSection(SolutionConfigurationPlatforms) = preSolution
		Debug|Any CPU = Debug|Any CPU
		Release|Any CPU = Release|Any CPU
	EndGlobalSection
	GlobalSection(ProjectConfigurationPlatforms) = postSolution
		{B4C2F279-D1B4-456D-8B8D-213F722F4791}.Debug|Any CPU.ActiveCfg = Debug|Any CPU
		{B4C2F279-D1B4-456D-8B8D-213F722F4791}.Debug|Any CPU.Build.0 = Debug|Any CPU
		{B4C2F279-D1B4-456D-8B8D-213F722F4791}.Release|Any CPU.ActiveCfg = Release|Any CPU
		{B4C2F279-D1B4-456D-8B8D-213F722F4791}.Release|Any CPU.Build.0 = Release|Any CPU
	EndGlobalSection
	GlobalSection(SolutionProperties) = preSolution
		HideSolutionNode = FALSE
	EndGlobalSection
	GlobalSection(ExtensibilityGlobals) = postSolution
		SolutionGuid = {4C7C88E6-4501-4EDD-8306-04B3A7B29FDA}
	EndGlobalSection
EndGlobal
